// !$*UTF8*$!
{
	archiveVersion = 1;
	classes = {
	};
	objectVersion = 50;
	objects = {

/* Begin PBXBuildFile section */
		2980AD2023B7C61E0095EA29 /* AppDelegate.swift in Sources */ = {isa = PBXBuildFile; fileRef = 2980AD1F23B7C61E0095EA29 /* AppDelegate.swift */; };
		2980AD2223B7C61E0095EA29 /* SceneDelegate.swift in Sources */ = {isa = PBXBuildFile; fileRef = 2980AD2123B7C61E0095EA29 /* SceneDelegate.swift */; };
		2980AD2423B7C61E0095EA29 /* ViewController.swift in Sources */ = {isa = PBXBuildFile; fileRef = 2980AD2323B7C61E0095EA29 /* ViewController.swift */; };
		2980AD2723B7C61E0095EA29 /* Main.storyboard in Resources */ = {isa = PBXBuildFile; fileRef = 2980AD2523B7C61E0095EA29 /* Main.storyboard */; };
		2980AD2923B7C6200095EA29 /* Assets.xcassets in Resources */ = {isa = PBXBuildFile; fileRef = 2980AD2823B7C6200095EA29 /* Assets.xcassets */; };
		2980AD2C23B7C6200095EA29 /* LaunchScreen.storyboard in Resources */ = {isa = PBXBuildFile; fileRef = 2980AD2A23B7C6200095EA29 /* LaunchScreen.storyboard */; };
		2980AD3723B7C6200095EA29 /* AppStoreTests.swift in Sources */ = {isa = PBXBuildFile; fileRef = 2980AD3623B7C6200095EA29 /* AppStoreTests.swift */; };
		2980AD4423B7C6620095EA29 /* DummyCollectionViewCell.swift in Sources */ = {isa = PBXBuildFile; fileRef = 2980AD4223B7C6620095EA29 /* DummyCollectionViewCell.swift */; };
		2980AD4523B7C6620095EA29 /* DummyCollectionViewCell.xib in Resources */ = {isa = PBXBuildFile; fileRef = 2980AD4323B7C6620095EA29 /* DummyCollectionViewCell.xib */; };
/* End PBXBuildFile section */

/* Begin PBXContainerItemProxy section */
		2980AD3323B7C6200095EA29 /* PBXContainerItemProxy */ = {
			isa = PBXContainerItemProxy;
			containerPortal = 2980AD1423B7C61E0095EA29 /* Project object */;
			proxyType = 1;
			remoteGlobalIDString = 2980AD1B23B7C61E0095EA29;
			remoteInfo = AppStore;
		};
/* End PBXContainerItemProxy section */

/* Begin PBXFileReference section */
		2980AD1C23B7C61E0095EA29 /* AppStore.app */ = {isa = PBXFileReference; explicitFileType = wrapper.application; includeInIndex = 0; path = AppStore.app; sourceTree = BUILT_PRODUCTS_DIR; };
		2980AD1F23B7C61E0095EA29 /* AppDelegate.swift */ = {isa = PBXFileReference; lastKnownFileType = sourcecode.swift; path = AppDelegate.swift; sourceTree = "<group>"; };
		2980AD2123B7C61E0095EA29 /* SceneDelegate.swift */ = {isa = PBXFileReference; lastKnownFileType = sourcecode.swift; path = SceneDelegate.swift; sourceTree = "<group>"; };
		2980AD2323B7C61E0095EA29 /* ViewController.swift */ = {isa = PBXFileReference; lastKnownFileType = sourcecode.swift; path = ViewController.swift; sourceTree = "<group>"; };
		2980AD2623B7C61E0095EA29 /* Base */ = {isa = PBXFileReference; lastKnownFileType = file.storyboard; name = Base; path = Base.lproj/Main.storyboard; sourceTree = "<group>"; };
		2980AD2823B7C6200095EA29 /* Assets.xcassets */ = {isa = PBXFileReference; lastKnownFileType = folder.assetcatalog; path = Assets.xcassets; sourceTree = "<group>"; };
		2980AD2B23B7C6200095EA29 /* Base */ = {isa = PBXFileReference; lastKnownFileType = file.storyboard; name = Base; path = Base.lproj/LaunchScreen.storyboard; sourceTree = "<group>"; };
		2980AD2D23B7C6200095EA29 /* Info.plist */ = {isa = PBXFileReference; lastKnownFileType = text.plist.xml; path = Info.plist; sourceTree = "<group>"; };
		2980AD3223B7C6200095EA29 /* AppStoreTests.xctest */ = {isa = PBXFileReference; explicitFileType = wrapper.cfbundle; includeInIndex = 0; path = AppStoreTests.xctest; sourceTree = BUILT_PRODUCTS_DIR; };
		2980AD3623B7C6200095EA29 /* AppStoreTests.swift */ = {isa = PBXFileReference; lastKnownFileType = sourcecode.swift; path = AppStoreTests.swift; sourceTree = "<group>"; };
		2980AD3823B7C6200095EA29 /* Info.plist */ = {isa = PBXFileReference; lastKnownFileType = text.plist.xml; path = Info.plist; sourceTree = "<group>"; };
		2980AD4223B7C6620095EA29 /* DummyCollectionViewCell.swift */ = {isa = PBXFileReference; lastKnownFileType = sourcecode.swift; path = DummyCollectionViewCell.swift; sourceTree = "<group>"; };
		2980AD4323B7C6620095EA29 /* DummyCollectionViewCell.xib */ = {isa = PBXFileReference; lastKnownFileType = file.xib; path = DummyCollectionViewCell.xib; sourceTree = "<group>"; };
/* End PBXFileReference section */

/* Begin PBXFrameworksBuildPhase section */
		2980AD1923B7C61E0095EA29 /* Frameworks */ = {
			isa = PBXFrameworksBuildPhase;
			buildActionMask = 2147483647;
			files = (
			);
			runOnlyForDeploymentPostprocessing = 0;
		};
		2980AD2F23B7C6200095EA29 /* Frameworks */ = {
			isa = PBXFrameworksBuildPhase;
			buildActionMask = 2147483647;
			files = (
			);
			runOnlyForDeploymentPostprocessing = 0;
		};
/* End PBXFrameworksBuildPhase section */

/* Begin PBXGroup section */
		2932473F23C4EABF00D54BEB /* Supporting Files */ = {
			isa = PBXGroup;
			children = (
				2980AD2823B7C6200095EA29 /* Assets.xcassets */,
				2980AD2A23B7C6200095EA29 /* LaunchScreen.storyboard */,
				2980AD2D23B7C6200095EA29 /* Info.plist */,
			);
			path = "Supporting Files";
			sourceTree = "<group>";
		};
		2980AD1323B7C61E0095EA29 = {
			isa = PBXGroup;
			children = (
				2980AD1E23B7C61E0095EA29 /* AppStore */,
				2980AD3523B7C6200095EA29 /* AppStoreTests */,
				2980AD1D23B7C61E0095EA29 /* Products */,
			);
			sourceTree = "<group>";
		};
		2980AD1D23B7C61E0095EA29 /* Products */ = {
			isa = PBXGroup;
			children = (
				2980AD1C23B7C61E0095EA29 /* AppStore.app */,
				2980AD3223B7C6200095EA29 /* AppStoreTests.xctest */,
			);
			name = Products;
			sourceTree = "<group>";
		};
		2980AD1E23B7C61E0095EA29 /* AppStore */ = {
			isa = PBXGroup;
			children = (
				2980AD1F23B7C61E0095EA29 /* AppDelegate.swift */,
				2980AD2123B7C61E0095EA29 /* SceneDelegate.swift */,
				2980AD4123B7C6470095EA29 /* DummyCell&Xib */,
				2980AD2323B7C61E0095EA29 /* ViewController.swift */,
				2980AD2523B7C61E0095EA29 /* Main.storyboard */,
				2932473F23C4EABF00D54BEB /* Supporting Files */,
			);
			path = AppStore;
			sourceTree = "<group>";
		};
		2980AD3523B7C6200095EA29 /* AppStoreTests */ = {
			isa = PBXGroup;
			children = (
				2980AD3623B7C6200095EA29 /* AppStoreTests.swift */,
				2980AD3823B7C6200095EA29 /* Info.plist */,
			);
			path = AppStoreTests;
			sourceTree = "<group>";
		};
		2980AD4123B7C6470095EA29 /* DummyCell&Xib */ = {
			isa = PBXGroup;
			children = (
				2980AD4223B7C6620095EA29 /* DummyCollectionViewCell.swift */,
				2980AD4323B7C6620095EA29 /* DummyCollectionViewCell.xib */,
			);
			path = "DummyCell&Xib";
			sourceTree = "<group>";
		};
/* End PBXGroup section */

/* Begin PBXNativeTarget section */
		2980AD1B23B7C61E0095EA29 /* AppStore */ = {
			isa = PBXNativeTarget;
			buildConfigurationList = 2980AD3B23B7C6200095EA29 /* Build configuration list for PBXNativeTarget "AppStore" */;
			buildPhases = (
				2980AD1823B7C61E0095EA29 /* Sources */,
				2980AD1923B7C61E0095EA29 /* Frameworks */,
				2980AD1A23B7C61E0095EA29 /* Resources */,
			);
			buildRules = (
			);
			dependencies = (
			);
			name = AppStore;
			productName = AppStore;
			productReference = 2980AD1C23B7C61E0095EA29 /* AppStore.app */;
			productType = "com.apple.product-type.application";
		};
		2980AD3123B7C6200095EA29 /* AppStoreTests */ = {
			isa = PBXNativeTarget;
			buildConfigurationList = 2980AD3E23B7C6200095EA29 /* Build configuration list for PBXNativeTarget "AppStoreTests" */;
			buildPhases = (
				2980AD2E23B7C6200095EA29 /* Sources */,
				2980AD2F23B7C6200095EA29 /* Frameworks */,
				2980AD3023B7C6200095EA29 /* Resources */,
			);
			buildRules = (
			);
			dependencies = (
				2980AD3423B7C6200095EA29 /* PBXTargetDependency */,
			);
			name = AppStoreTests;
			productName = AppStoreTests;
			productReference = 2980AD3223B7C6200095EA29 /* AppStoreTests.xctest */;
			productType = "com.apple.product-type.bundle.unit-test";
		};
/* End PBXNativeTarget section */

/* Begin PBXProject section */
		2980AD1423B7C61E0095EA29 /* Project object */ = {
			isa = PBXProject;
			attributes = {
				LastSwiftUpdateCheck = 1130;
				LastUpgradeCheck = 1130;
				ORGANIZATIONNAME = vpoltave;
				TargetAttributes = {
					2980AD1B23B7C61E0095EA29 = {
						CreatedOnToolsVersion = 11.3;
					};
					2980AD3123B7C6200095EA29 = {
						CreatedOnToolsVersion = 11.3;
						TestTargetID = 2980AD1B23B7C61E0095EA29;
					};
				};
			};
			buildConfigurationList = 2980AD1723B7C61E0095EA29 /* Build configuration list for PBXProject "AppStore" */;
			compatibilityVersion = "Xcode 9.3";
			developmentRegion = en;
			hasScannedForEncodings = 0;
			knownRegions = (
				en,
				Base,
			);
			mainGroup = 2980AD1323B7C61E0095EA29;
			productRefGroup = 2980AD1D23B7C61E0095EA29 /* Products */;
			projectDirPath = "";
			projectRoot = "";
			targets = (
				2980AD1B23B7C61E0095EA29 /* AppStore */,
				2980AD3123B7C6200095EA29 /* AppStoreTests */,
			);
		};
/* End PBXProject section */

/* Begin PBXResourcesBuildPhase section */
		2980AD1A23B7C61E0095EA29 /* Resources */ = {
			isa = PBXResourcesBuildPhase;
			buildActionMask = 2147483647;
			files = (
				2980AD2C23B7C6200095EA29 /* LaunchScreen.storyboard in Resources */,
				2980AD2923B7C6200095EA29 /* Assets.xcassets in Resources */,
				2980AD2723B7C61E0095EA29 /* Main.storyboard in Resources */,
				2980AD4523B7C6620095EA29 /* DummyCollectionViewCell.xib in Resources */,
			);
			runOnlyForDeploymentPostprocessing = 0;
		};
		2980AD3023B7C6200095EA29 /* Resources */ = {
			isa = PBXResourcesBuildPhase;
			buildActionMask = 2147483647;
			files = (
			);
			runOnlyForDeploymentPostprocessing = 0;
		};
/* End PBXResourcesBuildPhase section */

/* Begin PBXSourcesBuildPhase section */
		2980AD1823B7C61E0095EA29 /* Sources */ = {
			isa = PBXSourcesBuildPhase;
			buildActionMask = 2147483647;
			files = (
				2980AD2423B7C61E0095EA29 /* ViewController.swift in Sources */,
				2980AD2023B7C61E0095EA29 /* AppDelegate.swift in Sources */,
				2980AD2223B7C61E0095EA29 /* SceneDelegate.swift in Sources */,
				2980AD4423B7C6620095EA29 /* DummyCollectionViewCell.swift in Sources */,
			);
			runOnlyForDeploymentPostprocessing = 0;
		};
		2980AD2E23B7C6200095EA29 /* Sources */ = {
			isa = PBXSourcesBuildPhase;
			buildActionMask = 2147483647;
			files = (
				2980AD3723B7C6200095EA29 /* AppStoreTests.swift in Sources */,
			);
			runOnlyForDeploymentPostprocessing = 0;
		};
/* End PBXSourcesBuildPhase section */

/* Begin PBXTargetDependency section */
		2980AD3423B7C6200095EA29 /* PBXTargetDependency */ = {
			isa = PBXTargetDependency;
			target = 2980AD1B23B7C61E0095EA29 /* AppStore */;
			targetProxy = 2980AD3323B7C6200095EA29 /* PBXContainerItemProxy */;
		};
/* End PBXTargetDependency section */

/* Begin PBXVariantGroup section */
		2980AD2523B7C61E0095EA29 /* Main.storyboard */ = {
			isa = PBXVariantGroup;
			children = (
				2980AD2623B7C61E0095EA29 /* Base */,
			);
			name = Main.storyboard;
			sourceTree = "<group>";
		};
		2980AD2A23B7C6200095EA29 /* LaunchScreen.storyboard */ = {
			isa = PBXVariantGroup;
			children = (
				2980AD2B23B7C6200095EA29 /* Base */,
			);
			name = LaunchScreen.storyboard;
			sourceTree = "<group>";
		};
/* End PBXVariantGroup section */

/* Begin XCBuildConfiguration section */
		2980AD3923B7C6200095EA29 /* Debug */ = {
			isa = XCBuildConfiguration;
			buildSettings = {
				ALWAYS_SEARCH_USER_PATHS = NO;
				CLANG_ANALYZER_NONNULL = YES;
				CLANG_ANALYZER_NUMBER_OBJECT_CONVERSION = YES_AGGRESSIVE;
				CLANG_CXX_LANGUAGE_STANDARD = "gnu++14";
				CLANG_CXX_LIBRARY = "libc++";
				CLANG_ENABLE_MODULES = YES;
				CLANG_ENABLE_OBJC_ARC = YES;
				CLANG_ENABLE_OBJC_WEAK = YES;
				CLANG_WARN_BLOCK_CAPTURE_AUTORELEASING = YES;
				CLANG_WARN_BOOL_CONVERSION = YES;
				CLANG_WARN_COMMA = YES;
				CLANG_WARN_CONSTANT_CONVERSION = YES;
				CLANG_WARN_DEPRECATED_OBJC_IMPLEMENTATIONS = YES;
				CLANG_WARN_DIRECT_OBJC_ISA_USAGE = YES_ERROR;
				CLANG_WARN_DOCUMENTATION_COMMENTS = YES;
				CLANG_WARN_EMPTY_BODY = YES;
				CLANG_WARN_ENUM_CONVERSION = YES;
				CLANG_WARN_INFINITE_RECURSION = YES;
				CLANG_WARN_INT_CONVERSION = YES;
				CLANG_WARN_NON_LITERAL_NULL_CONVERSION = YES;
				CLANG_WARN_OBJC_IMPLICIT_RETAIN_SELF = YES;
				CLANG_WARN_OBJC_LITERAL_CONVERSION = YES;
				CLANG_WARN_OBJC_ROOT_CLASS = YES_ERROR;
				CLANG_WARN_RANGE_LOOP_ANALYSIS = YES;
				CLANG_WARN_STRICT_PROTOTYPES = YES;
				CLANG_WARN_SUSPICIOUS_MOVE = YES;
				CLANG_WARN_UNGUARDED_AVAILABILITY = YES_AGGRESSIVE;
				CLANG_WARN_UNREACHABLE_CODE = YES;
				CLANG_WARN__DUPLICATE_METHOD_MATCH = YES;
				COPY_PHASE_STRIP = NO;
				DEBUG_INFORMATION_FORMAT = dwarf;
				ENABLE_STRICT_OBJC_MSGSEND = YES;
				ENABLE_TESTABILITY = YES;
				GCC_C_LANGUAGE_STANDARD = gnu11;
				GCC_DYNAMIC_NO_PIC = NO;
				GCC_NO_COMMON_BLOCKS = YES;
				GCC_OPTIMIZATION_LEVEL = 0;
				GCC_PREPROCESSOR_DEFINITIONS = (
					"DEBUG=1",
					"$(inherited)",
				);
				GCC_WARN_64_TO_32_BIT_CONVERSION = YES;
				GCC_WARN_ABOUT_RETURN_TYPE = YES_ERROR;
				GCC_WARN_UNDECLARED_SELECTOR = YES;
				GCC_WARN_UNINITIALIZED_AUTOS = YES_AGGRESSIVE;
				GCC_WARN_UNUSED_FUNCTION = YES;
				GCC_WARN_UNUSED_VARIABLE = YES;
				IPHONEOS_DEPLOYMENT_TARGET = 13.2;
				MTL_ENABLE_DEBUG_INFO = INCLUDE_SOURCE;
				MTL_FAST_MATH = YES;
				ONLY_ACTIVE_ARCH = YES;
				SDKROOT = iphoneos;
				SWIFT_ACTIVE_COMPILATION_CONDITIONS = DEBUG;
				SWIFT_OPTIMIZATION_LEVEL = "-Onone";
			};
			name = Debug;
		};
		2980AD3A23B7C6200095EA29 /* Release */ = {
			isa = XCBuildConfiguration;
			buildSettings = {
				ALWAYS_SEARCH_USER_PATHS = NO;
				CLANG_ANALYZER_NONNULL = YES;
				CLANG_ANALYZER_NUMBER_OBJECT_CONVERSION = YES_AGGRESSIVE;
				CLANG_CXX_LANGUAGE_STANDARD = "gnu++14";
				CLANG_CXX_LIBRARY = "libc++";
				CLANG_ENABLE_MODULES = YES;
				CLANG_ENABLE_OBJC_ARC = YES;
				CLANG_ENABLE_OBJC_WEAK = YES;
				CLANG_WARN_BLOCK_CAPTURE_AUTORELEASING = YES;
				CLANG_WARN_BOOL_CONVERSION = YES;
				CLANG_WARN_COMMA = YES;
				CLANG_WARN_CONSTANT_CONVERSION = YES;
				CLANG_WARN_DEPRECATED_OBJC_IMPLEMENTATIONS = YES;
				CLANG_WARN_DIRECT_OBJC_ISA_USAGE = YES_ERROR;
				CLANG_WARN_DOCUMENTATION_COMMENTS = YES;
				CLANG_WARN_EMPTY_BODY = YES;
				CLANG_WARN_ENUM_CONVERSION = YES;
				CLANG_WARN_INFINITE_RECURSION = YES;
				CLANG_WARN_INT_CONVERSION = YES;
				CLANG_WARN_NON_LITERAL_NULL_CONVERSION = YES;
				CLANG_WARN_OBJC_IMPLICIT_RETAIN_SELF = YES;
				CLANG_WARN_OBJC_LITERAL_CONVERSION = YES;
				CLANG_WARN_OBJC_ROOT_CLASS = YES_ERROR;
				CLANG_WARN_RANGE_LOOP_ANALYSIS = YES;
				CLANG_WARN_STRICT_PROTOTYPES = YES;
				CLANG_WARN_SUSPICIOUS_MOVE = YES;
				CLANG_WARN_UNGUARDED_AVAILABILITY = YES_AGGRESSIVE;
				CLANG_WARN_UNREACHABLE_CODE = YES;
				CLANG_WARN__DUPLICATE_METHOD_MATCH = YES;
				COPY_PHASE_STRIP = NO;
				DEBUG_INFORMATION_FORMAT = "dwarf-with-dsym";
				ENABLE_NS_ASSERTIONS = NO;
				ENABLE_STRICT_OBJC_MSGSEND = YES;
				GCC_C_LANGUAGE_STANDARD = gnu11;
				GCC_NO_COMMON_BLOCKS = YES;
				GCC_WARN_64_TO_32_BIT_CONVERSION = YES;
				GCC_WARN_ABOUT_RETURN_TYPE = YES_ERROR;
				GCC_WARN_UNDECLARED_SELECTOR = YES;
				GCC_WARN_UNINITIALIZED_AUTOS = YES_AGGRESSIVE;
				GCC_WARN_UNUSED_FUNCTION = YES;
				GCC_WARN_UNUSED_VARIABLE = YES;
				IPHONEOS_DEPLOYMENT_TARGET = 13.2;
				MTL_ENABLE_DEBUG_INFO = NO;
				MTL_FAST_MATH = YES;
				SDKROOT = iphoneos;
				SWIFT_COMPILATION_MODE = wholemodule;
				SWIFT_OPTIMIZATION_LEVEL = "-O";
				VALIDATE_PRODUCT = YES;
			};
			name = Release;
		};
		2980AD3C23B7C6200095EA29 /* Debug */ = {
			isa = XCBuildConfiguration;
			buildSettings = {
				ASSETCATALOG_COMPILER_APPICON_NAME = AppIcon;
				CODE_SIGN_STYLE = Automatic;
				DEVELOPMENT_TEAM = ZNA2424JBU;
				INFOPLIST_FILE = AppStore/Info.plist;
				LD_RUNPATH_SEARCH_PATHS = (
					"$(inherited)",
					"@executable_path/Frameworks",
				);
				PRODUCT_BUNDLE_IDENTIFIER = com.vpoltave.AppStore;
				PRODUCT_NAME = "$(TARGET_NAME)";
				SWIFT_VERSION = 5.0;
				TARGETED_DEVICE_FAMILY = "1,2";
			};
			name = Debug;
		};
		2980AD3D23B7C6200095EA29 /* Release */ = {
			isa = XCBuildConfiguration;
			buildSettings = {
				ASSETCATALOG_COMPILER_APPICON_NAME = AppIcon;
				CODE_SIGN_STYLE = Automatic;
				DEVELOPMENT_TEAM = ZNA2424JBU;
				INFOPLIST_FILE = AppStore/Info.plist;
				LD_RUNPATH_SEARCH_PATHS = (
					"$(inherited)",
					"@executable_path/Frameworks",
				);
				PRODUCT_BUNDLE_IDENTIFIER = com.vpoltave.AppStore;
				PRODUCT_NAME = "$(TARGET_NAME)";
				SWIFT_VERSION = 5.0;
				TARGETED_DEVICE_FAMILY = "1,2";
			};
			name = Release;
		};
		2980AD3F23B7C6200095EA29 /* Debug */ = {
			isa = XCBuildConfiguration;
			buildSettings = {
				ALWAYS_EMBED_SWIFT_STANDARD_LIBRARIES = YES;
				BUNDLE_LOADER = "$(TEST_HOST)";
				CODE_SIGN_STYLE = Automatic;
				DEVELOPMENT_TEAM = ZNA2424JBU;
				INFOPLIST_FILE = AppStoreTests/Info.plist;
				IPHONEOS_DEPLOYMENT_TARGET = 13.2;
				LD_RUNPATH_SEARCH_PATHS = (
					"$(inherited)",
					"@executable_path/Frameworks",
					"@loader_path/Frameworks",
				);
				PRODUCT_BUNDLE_IDENTIFIER = com.vpoltave.AppStoreTests;
				PRODUCT_NAME = "$(TARGET_NAME)";
				SWIFT_VERSION = 5.0;
				TARGETED_DEVICE_FAMILY = "1,2";
				TEST_HOST = "$(BUILT_PRODUCTS_DIR)/AppStore.app/AppStore";
			};
			name = Debug;
		};
		2980AD4023B7C6200095EA29 /* Release */ = {
			isa = XCBuildConfiguration;
			buildSettings = {
				ALWAYS_EMBED_SWIFT_STANDARD_LIBRARIES = YES;
				BUNDLE_LOADER = "$(TEST_HOST)";
				CODE_SIGN_STYLE = Automatic;
				DEVELOPMENT_TEAM = ZNA2424JBU;
				INFOPLIST_FILE = AppStoreTests/Info.plist;
				IPHONEOS_DEPLOYMENT_TARGET = 13.2;
				LD_RUNPATH_SEARCH_PATHS = (
					"$(inherited)",
					"@executable_path/Frameworks",
					"@loader_path/Frameworks",
				);
				PRODUCT_BUNDLE_IDENTIFIER = com.vpoltave.AppStoreTests;
				PRODUCT_NAME = "$(TARGET_NAME)";
				SWIFT_VERSION = 5.0;
				TARGETED_DEVICE_FAMILY = "1,2";
				TEST_HOST = "$(BUILT_PRODUCTS_DIR)/AppStore.app/AppStore";
			};
			name = Release;
		};
/* End XCBuildConfiguration section */

/* Begin XCConfigurationList section */
		2980AD1723B7C61E0095EA29 /* Build configuration list for PBXProject "AppStore" */ = {
			isa = XCConfigurationList;
			buildConfigurations = (
				2980AD3923B7C6200095EA29 /* Debug */,
				2980AD3A23B7C6200095EA29 /* Release */,
			);
			defaultConfigurationIsVisible = 0;
			defaultConfigurationName = Release;
		};
		2980AD3B23B7C6200095EA29 /* Build configuration list for PBXNativeTarget "AppStore" */ = {
			isa = XCConfigurationList;
			buildConfigurations = (
				2980AD3C23B7C6200095EA29 /* Debug */,
				2980AD3D23B7C6200095EA29 /* Release */,
			);
			defaultConfigurationIsVisible = 0;
			defaultConfigurationName = Release;
		};
		2980AD3E23B7C6200095EA29 /* Build configuration list for PBXNativeTarget "AppStoreTests" */ = {
			isa = XCConfigurationList;
			buildConfigurations = (
				2980AD3F23B7C6200095EA29 /* Debug */,
				2980AD4023B7C6200095EA29 /* Release */,
			);
			defaultConfigurationIsVisible = 0;
			defaultConfigurationName = Release;
		};
/* End XCConfigurationList section */
	};
	rootObject = 2980AD1423B7C61E0095EA29 /* Project object */;
}
